// !$*UTF8*$!
{
	archiveVersion = 1;
	classes = {
	};
	objectVersion = 77;
	objects = {

/* Begin PBXBuildFile section */
		370CA9762ECFA46100252465 /* Auth in Frameworks */ = {isa = PBXBuildFile; productRef = 370CA9752ECFA46100252465 /* Auth */; };
		370CA9782ECFA46100252465 /* Functions in Frameworks */ = {isa = PBXBuildFile; productRef = 370CA9772ECFA46100252465 /* Functions */; };
		370CA97A2ECFA46100252465 /* PostgREST in Frameworks */ = {isa = PBXBuildFile; productRef = 370CA9792ECFA46100252465 /* PostgREST */; };
		370CA97C2ECFA46100252465 /* Realtime in Frameworks */ = {isa = PBXBuildFile; productRef = 370CA97B2ECFA46100252465 /* Realtime */; };
		370CA97E2ECFA46100252465 /* Storage in Frameworks */ = {isa = PBXBuildFile; productRef = 370CA97D2ECFA46100252465 /* Storage */; };
		370CA9812ECFA4EE00252465 /* Supabase in Frameworks */ = {isa = PBXBuildFile; productRef = 370CA9802ECFA4EE00252465 /* Supabase */; };
		370CA9A72ED8F2F500252465 /* Auth in Frameworks */ = {isa = PBXBuildFile; productRef = 370CA9A62ED8F2F500252465 /* Auth */; };
		370CA9A92ED8F2F500252465 /* Functions in Frameworks */ = {isa = PBXBuildFile; productRef = 370CA9A82ED8F2F500252465 /* Functions */; };
		370CA9AB2ED8F2F500252465 /* PostgREST in Frameworks */ = {isa = PBXBuildFile; productRef = 370CA9AA2ED8F2F500252465 /* PostgREST */; };
		370CA9AD2ED8F2F500252465 /* Realtime in Frameworks */ = {isa = PBXBuildFile; productRef = 370CA9AC2ED8F2F500252465 /* Realtime */; };
		370CA9AF2ED8F2F500252465 /* Storage in Frameworks */ = {isa = PBXBuildFile; productRef = 370CA9AE2ED8F2F500252465 /* Storage */; };
		370CA9B12ED8F2F500252465 /* Supabase in Frameworks */ = {isa = PBXBuildFile; productRef = 370CA9B02ED8F2F500252465 /* Supabase */; };
		370CA9B32ED8F2FA00252465 /* Auth in Frameworks */ = {isa = PBXBuildFile; productRef = 370CA9B22ED8F2FA00252465 /* Auth */; };
		370CA9B52ED8F2FA00252465 /* Functions in Frameworks */ = {isa = PBXBuildFile; productRef = 370CA9B42ED8F2FA00252465 /* Functions */; };
		370CA9B72ED8F2FA00252465 /* PostgREST in Frameworks */ = {isa = PBXBuildFile; productRef = 370CA9B62ED8F2FA00252465 /* PostgREST */; };
		370CA9B92ED8F2FA00252465 /* Realtime in Frameworks */ = {isa = PBXBuildFile; productRef = 370CA9B82ED8F2FA00252465 /* Realtime */; };
		370CA9BB2ED8F2FA00252465 /* Storage in Frameworks */ = {isa = PBXBuildFile; productRef = 370CA9BA2ED8F2FA00252465 /* Storage */; };
		370CA9BD2ED8F2FA00252465 /* Supabase in Frameworks */ = {isa = PBXBuildFile; productRef = 370CA9BC2ED8F2FA00252465 /* Supabase */; };
/* End PBXBuildFile section */

/* Begin PBXContainerItemProxy section */
		370CA8E22ECEB44500252465 /* PBXContainerItemProxy */ = {
			isa = PBXContainerItemProxy;
			containerPortal = 370CA8CA2ECEB44200252465 /* Project object */;
			proxyType = 1;
			remoteGlobalIDString = 370CA8D12ECEB44200252465;
			remoteInfo = Memory;
		};
		370CA8EC2ECEB44500252465 /* PBXContainerItemProxy */ = {
			isa = PBXContainerItemProxy;
			containerPortal = 370CA8CA2ECEB44200252465 /* Project object */;
			proxyType = 1;
			remoteGlobalIDString = 370CA8D12ECEB44200252465;
			remoteInfo = Memory;
		};
/* End PBXContainerItemProxy section */

/* Begin PBXFileReference section */
		370CA8D22ECEB44200252465 /* Memory.app */ = {isa = PBXFileReference; explicitFileType = wrapper.application; includeInIndex = 0; path = Memory.app; sourceTree = BUILT_PRODUCTS_DIR; };
		370CA8E12ECEB44500252465 /* MemoryTests.xctest */ = {isa = PBXFileReference; explicitFileType = wrapper.cfbundle; includeInIndex = 0; path = MemoryTests.xctest; sourceTree = BUILT_PRODUCTS_DIR; };
		370CA8EB2ECEB44500252465 /* MemoryUITests.xctest */ = {isa = PBXFileReference; explicitFileType = wrapper.cfbundle; includeInIndex = 0; path = MemoryUITests.xctest; sourceTree = BUILT_PRODUCTS_DIR; };
/* End PBXFileReference section */

/* Begin PBXFileSystemSynchronizedRootGroup section */
		370CA8D42ECEB44200252465 /* Memory */ = {
			isa = PBXFileSystemSynchronizedRootGroup;
			path = Memory;
			sourceTree = "<group>";
		};
		370CA8E42ECEB44500252465 /* MemoryTests */ = {
			isa = PBXFileSystemSynchronizedRootGroup;
			path = MemoryTests;
			sourceTree = "<group>";
		};
		370CA8EE2ECEB44500252465 /* MemoryUITests */ = {
			isa = PBXFileSystemSynchronizedRootGroup;
			path = MemoryUITests;
			sourceTree = "<group>";
		};
/* End PBXFileSystemSynchronizedRootGroup section */

/* Begin PBXFrameworksBuildPhase section */
		370CA8CF2ECEB44200252465 /* Frameworks */ = {
			isa = PBXFrameworksBuildPhase;
			buildActionMask = 2147483647;
			files = (
				370CA97A2ECFA46100252465 /* PostgREST in Frameworks */,
				370CA9782ECFA46100252465 /* Functions in Frameworks */,
				370CA9812ECFA4EE00252465 /* Supabase in Frameworks */,
				370CA9762ECFA46100252465 /* Auth in Frameworks */,
				370CA97E2ECFA46100252465 /* Storage in Frameworks */,
				370CA97C2ECFA46100252465 /* Realtime in Frameworks */,
			);
			runOnlyForDeploymentPostprocessing = 0;
		};
		370CA8DE2ECEB44500252465 /* Frameworks */ = {
			isa = PBXFrameworksBuildPhase;
			buildActionMask = 2147483647;
			files = (
				370CA9B72ED8F2FA00252465 /* PostgREST in Frameworks */,
				370CA9B52ED8F2FA00252465 /* Functions in Frameworks */,
				370CA9BD2ED8F2FA00252465 /* Supabase in Frameworks */,
				370CA9B32ED8F2FA00252465 /* Auth in Frameworks */,
				370CA9BB2ED8F2FA00252465 /* Storage in Frameworks */,
				370CA9B92ED8F2FA00252465 /* Realtime in Frameworks */,
			);
			runOnlyForDeploymentPostprocessing = 0;
		};
		370CA8E82ECEB44500252465 /* Frameworks */ = {
			isa = PBXFrameworksBuildPhase;
			buildActionMask = 2147483647;
			files = (
				370CA9AB2ED8F2F500252465 /* PostgREST in Frameworks */,
				370CA9A92ED8F2F500252465 /* Functions in Frameworks */,
				370CA9B12ED8F2F500252465 /* Supabase in Frameworks */,
				370CA9A72ED8F2F500252465 /* Auth in Frameworks */,
				370CA9AF2ED8F2F500252465 /* Storage in Frameworks */,
				370CA9AD2ED8F2F500252465 /* Realtime in Frameworks */,
			);
			runOnlyForDeploymentPostprocessing = 0;
		};
/* End PBXFrameworksBuildPhase section */

/* Begin PBXGroup section */
		370CA8C92ECEB44200252465 = {
			isa = PBXGroup;
			children = (
				370CA8D42ECEB44200252465 /* Memory */,
				370CA8E42ECEB44500252465 /* MemoryTests */,
				370CA8EE2ECEB44500252465 /* MemoryUITests */,
				370CA97F2ECFA4EE00252465 /* Frameworks */,
				370CA8D32ECEB44200252465 /* Products */,
			);
			sourceTree = "<group>";
		};
		370CA8D32ECEB44200252465 /* Products */ = {
			isa = PBXGroup;
			children = (
				370CA8D22ECEB44200252465 /* Memory.app */,
				370CA8E12ECEB44500252465 /* MemoryTests.xctest */,
				370CA8EB2ECEB44500252465 /* MemoryUITests.xctest */,
			);
			name = Products;
			sourceTree = "<group>";
		};
		370CA97F2ECFA4EE00252465 /* Frameworks */ = {
			isa = PBXGroup;
			children = (
			);
			name = Frameworks;
			sourceTree = "<group>";
		};
/* End PBXGroup section */

/* Begin PBXNativeTarget section */
		370CA8D12ECEB44200252465 /* Memory */ = {
			isa = PBXNativeTarget;
			buildConfigurationList = 370CA8F52ECEB44500252465 /* Build configuration list for PBXNativeTarget "Memory" */;
			buildPhases = (
				370CA8CE2ECEB44200252465 /* Sources */,
				370CA8CF2ECEB44200252465 /* Frameworks */,
				370CA8D02ECEB44200252465 /* Resources */,
			);
			buildRules = (
			);
			dependencies = (
			);
			fileSystemSynchronizedGroups = (
				370CA8D42ECEB44200252465 /* Memory */,
			);
			name = Memory;
			packageProductDependencies = (
				370CA9752ECFA46100252465 /* Auth */,
				370CA9772ECFA46100252465 /* Functions */,
				370CA9792ECFA46100252465 /* PostgREST */,
				370CA97B2ECFA46100252465 /* Realtime */,
				370CA97D2ECFA46100252465 /* Storage */,
				370CA9802ECFA4EE00252465 /* Supabase */,
			);
			productName = Memory;
			productReference = 370CA8D22ECEB44200252465 /* Memory.app */;
			productType = "com.apple.product-type.application";
		};
		370CA8E02ECEB44500252465 /* MemoryTests */ = {
			isa = PBXNativeTarget;
			buildConfigurationList = 370CA8F82ECEB44500252465 /* Build configuration list for PBXNativeTarget "MemoryTests" */;
			buildPhases = (
				370CA8DD2ECEB44500252465 /* Sources */,
				370CA8DE2ECEB44500252465 /* Frameworks */,
				370CA8DF2ECEB44500252465 /* Resources */,
			);
			buildRules = (
			);
			dependencies = (
				370CA8E32ECEB44500252465 /* PBXTargetDependency */,
			);
			fileSystemSynchronizedGroups = (
				370CA8E42ECEB44500252465 /* MemoryTests */,
			);
			name = MemoryTests;
			packageProductDependencies = (
				370CA9B22ED8F2FA00252465 /* Auth */,
				370CA9B42ED8F2FA00252465 /* Functions */,
				370CA9B62ED8F2FA00252465 /* PostgREST */,
				370CA9B82ED8F2FA00252465 /* Realtime */,
				370CA9BA2ED8F2FA00252465 /* Storage */,
				370CA9BC2ED8F2FA00252465 /* Supabase */,
			);
			productName = MemoryTests;
			productReference = 370CA8E12ECEB44500252465 /* MemoryTests.xctest */;
			productType = "com.apple.product-type.bundle.unit-test";
		};
		370CA8EA2ECEB44500252465 /* MemoryUITests */ = {
			isa = PBXNativeTarget;
			buildConfigurationList = 370CA8FB2ECEB44500252465 /* Build configuration list for PBXNativeTarget "MemoryUITests" */;
			buildPhases = (
				370CA8E72ECEB44500252465 /* Sources */,
				370CA8E82ECEB44500252465 /* Frameworks */,
				370CA8E92ECEB44500252465 /* Resources */,
			);
			buildRules = (
			);
			dependencies = (
				370CA8ED2ECEB44500252465 /* PBXTargetDependency */,
			);
			fileSystemSynchronizedGroups = (
				370CA8EE2ECEB44500252465 /* MemoryUITests */,
			);
			name = MemoryUITests;
			packageProductDependencies = (
				370CA9A62ED8F2F500252465 /* Auth */,
				370CA9A82ED8F2F500252465 /* Functions */,
				370CA9AA2ED8F2F500252465 /* PostgREST */,
				370CA9AC2ED8F2F500252465 /* Realtime */,
				370CA9AE2ED8F2F500252465 /* Storage */,
				370CA9B02ED8F2F500252465 /* Supabase */,
			);
			productName = MemoryUITests;
			productReference = 370CA8EB2ECEB44500252465 /* MemoryUITests.xctest */;
			productType = "com.apple.product-type.bundle.ui-testing";
		};
/* End PBXNativeTarget section */

/* Begin PBXProject section */
		370CA8CA2ECEB44200252465 /* Project object */ = {
			isa = PBXProject;
			attributes = {
				BuildIndependentTargetsInParallel = 1;
				LastSwiftUpdateCheck = 2610;
				LastUpgradeCheck = 2610;
				TargetAttributes = {
					370CA8D12ECEB44200252465 = {
						CreatedOnToolsVersion = 26.1.1;
					};
					370CA8E02ECEB44500252465 = {
						CreatedOnToolsVersion = 26.1.1;
						TestTargetID = 370CA8D12ECEB44200252465;
					};
					370CA8EA2ECEB44500252465 = {
						CreatedOnToolsVersion = 26.1.1;
						TestTargetID = 370CA8D12ECEB44200252465;
					};
				};
			};
			buildConfigurationList = 370CA8CD2ECEB44200252465 /* Build configuration list for PBXProject "Memory" */;
			developmentRegion = en;
			hasScannedForEncodings = 0;
			knownRegions = (
				en,
				Base,
			);
			mainGroup = 370CA8C92ECEB44200252465;
			minimizedProjectReferenceProxies = 1;
			packageReferences = (
				370CA9742ECFA46100252465 /* XCRemoteSwiftPackageReference "supabase-swift" */,
			);
			preferredProjectObjectVersion = 77;
			productRefGroup = 370CA8D32ECEB44200252465 /* Products */;
			projectDirPath = "";
			projectRoot = "";
			targets = (
				370CA8D12ECEB44200252465 /* Memory */,
				370CA8E02ECEB44500252465 /* MemoryTests */,
				370CA8EA2ECEB44500252465 /* MemoryUITests */,
			);
		};
/* End PBXProject section */

/* Begin PBXResourcesBuildPhase section */
		370CA8D02ECEB44200252465 /* Resources */ = {
			isa = PBXResourcesBuildPhase;
			buildActionMask = 2147483647;
			files = (
			);
			runOnlyForDeploymentPostprocessing = 0;
		};
		370CA8DF2ECEB44500252465 /* Resources */ = {
			isa = PBXResourcesBuildPhase;
			buildActionMask = 2147483647;
			files = (
			);
			runOnlyForDeploymentPostprocessing = 0;
		};
		370CA8E92ECEB44500252465 /* Resources */ = {
			isa = PBXResourcesBuildPhase;
			buildActionMask = 2147483647;
			files = (
			);
			runOnlyForDeploymentPostprocessing = 0;
		};
/* End PBXResourcesBuildPhase section */

/* Begin PBXSourcesBuildPhase section */
		370CA8CE2ECEB44200252465 /* Sources */ = {
			isa = PBXSourcesBuildPhase;
			buildActionMask = 2147483647;
			files = (
			);
			runOnlyForDeploymentPostprocessing = 0;
		};
		370CA8DD2ECEB44500252465 /* Sources */ = {
			isa = PBXSourcesBuildPhase;
			buildActionMask = 2147483647;
			files = (
			);
			runOnlyForDeploymentPostprocessing = 0;
		};
		370CA8E72ECEB44500252465 /* Sources */ = {
			isa = PBXSourcesBuildPhase;
			buildActionMask = 2147483647;
			files = (
			);
			runOnlyForDeploymentPostprocessing = 0;
		};
/* End PBXSourcesBuildPhase section */

/* Begin PBXTargetDependency section */
		370CA8E32ECEB44500252465 /* PBXTargetDependency */ = {
			isa = PBXTargetDependency;
			target = 370CA8D12ECEB44200252465 /* Memory */;
			targetProxy = 370CA8E22ECEB44500252465 /* PBXContainerItemProxy */;
		};
		370CA8ED2ECEB44500252465 /* PBXTargetDependency */ = {
			isa = PBXTargetDependency;
			target = 370CA8D12ECEB44200252465 /* Memory */;
			targetProxy = 370CA8EC2ECEB44500252465 /* PBXContainerItemProxy */;
		};
/* End PBXTargetDependency section */

/* Begin XCBuildConfiguration section */
		370CA8F32ECEB44500252465 /* Debug */ = {
			isa = XCBuildConfiguration;
			buildSettings = {
				ALWAYS_SEARCH_USER_PATHS = NO;
				ASSETCATALOG_COMPILER_GENERATE_SWIFT_ASSET_SYMBOL_EXTENSIONS = YES;
				CLANG_ANALYZER_NONNULL = YES;
				CLANG_ANALYZER_NUMBER_OBJECT_CONVERSION = YES_AGGRESSIVE;
				CLANG_CXX_LANGUAGE_STANDARD = "gnu++20";
				CLANG_ENABLE_MODULES = YES;
				CLANG_ENABLE_OBJC_ARC = YES;
				CLANG_ENABLE_OBJC_WEAK = YES;
				CLANG_WARN_BLOCK_CAPTURE_AUTORELEASING = YES;
				CLANG_WARN_BOOL_CONVERSION = YES;
				CLANG_WARN_COMMA = YES;
				CLANG_WARN_CONSTANT_CONVERSION = YES;
				CLANG_WARN_DEPRECATED_OBJC_IMPLEMENTATIONS = YES;
				CLANG_WARN_DIRECT_OBJC_ISA_USAGE = YES_ERROR;
				CLANG_WARN_DOCUMENTATION_COMMENTS = YES;
				CLANG_WARN_EMPTY_BODY = YES;
				CLANG_WARN_ENUM_CONVERSION = YES;
				CLANG_WARN_INFINITE_RECURSION = YES;
				CLANG_WARN_INT_CONVERSION = YES;
				CLANG_WARN_NON_LITERAL_NULL_CONVERSION = YES;
				CLANG_WARN_OBJC_IMPLICIT_RETAIN_SELF = YES;
				CLANG_WARN_OBJC_LITERAL_CONVERSION = YES;
				CLANG_WARN_OBJC_ROOT_CLASS = YES_ERROR;
				CLANG_WARN_QUOTED_INCLUDE_IN_FRAMEWORK_HEADER = YES;
				CLANG_WARN_RANGE_LOOP_ANALYSIS = YES;
				CLANG_WARN_STRICT_PROTOTYPES = YES;
				CLANG_WARN_SUSPICIOUS_MOVE = YES;
				CLANG_WARN_UNGUARDED_AVAILABILITY = YES_AGGRESSIVE;
				CLANG_WARN_UNREACHABLE_CODE = YES;
				CLANG_WARN__DUPLICATE_METHOD_MATCH = YES;
				COPY_PHASE_STRIP = NO;
				DEBUG_INFORMATION_FORMAT = dwarf;
				ENABLE_STRICT_OBJC_MSGSEND = YES;
				ENABLE_TESTABILITY = YES;
				ENABLE_USER_SCRIPT_SANDBOXING = YES;
				GCC_C_LANGUAGE_STANDARD = gnu17;
				GCC_DYNAMIC_NO_PIC = NO;
				GCC_NO_COMMON_BLOCKS = YES;
				GCC_OPTIMIZATION_LEVEL = 0;
				GCC_PREPROCESSOR_DEFINITIONS = (
					"DEBUG=1",
					"$(inherited)",
				);
				GCC_WARN_64_TO_32_BIT_CONVERSION = YES;
				GCC_WARN_ABOUT_RETURN_TYPE = YES_ERROR;
				GCC_WARN_UNDECLARED_SELECTOR = YES;
				GCC_WARN_UNINITIALIZED_AUTOS = YES_AGGRESSIVE;
				GCC_WARN_UNUSED_FUNCTION = YES;
				GCC_WARN_UNUSED_VARIABLE = YES;
				IPHONEOS_DEPLOYMENT_TARGET = 26.1;
				LOCALIZATION_PREFERS_STRING_CATALOGS = YES;
				MTL_ENABLE_DEBUG_INFO = INCLUDE_SOURCE;
				MTL_FAST_MATH = YES;
				ONLY_ACTIVE_ARCH = YES;
				SDKROOT = iphoneos;
				SWIFT_ACTIVE_COMPILATION_CONDITIONS = "DEBUG $(inherited)";
				SWIFT_OPTIMIZATION_LEVEL = "-Onone";
			};
			name = Debug;
		};
		370CA8F42ECEB44500252465 /* Release */ = {
			isa = XCBuildConfiguration;
			buildSettings = {
				ALWAYS_SEARCH_USER_PATHS = NO;
				ASSETCATALOG_COMPILER_GENERATE_SWIFT_ASSET_SYMBOL_EXTENSIONS = YES;
				CLANG_ANALYZER_NONNULL = YES;
				CLANG_ANALYZER_NUMBER_OBJECT_CONVERSION = YES_AGGRESSIVE;
				CLANG_CXX_LANGUAGE_STANDARD = "gnu++20";
				CLANG_ENABLE_MODULES = YES;
				CLANG_ENABLE_OBJC_ARC = YES;
				CLANG_ENABLE_OBJC_WEAK = YES;
				CLANG_WARN_BLOCK_CAPTURE_AUTORELEASING = YES;
				CLANG_WARN_BOOL_CONVERSION = YES;
				CLANG_WARN_COMMA = YES;
				CLANG_WARN_CONSTANT_CONVERSION = YES;
				CLANG_WARN_DEPRECATED_OBJC_IMPLEMENTATIONS = YES;
				CLANG_WARN_DIRECT_OBJC_ISA_USAGE = YES_ERROR;
				CLANG_WARN_DOCUMENTATION_COMMENTS = YES;
				CLANG_WARN_EMPTY_BODY = YES;
				CLANG_WARN_ENUM_CONVERSION = YES;
				CLANG_WARN_INFINITE_RECURSION = YES;
				CLANG_WARN_INT_CONVERSION = YES;
				CLANG_WARN_NON_LITERAL_NULL_CONVERSION = YES;
				CLANG_WARN_OBJC_IMPLICIT_RETAIN_SELF = YES;
				CLANG_WARN_OBJC_LITERAL_CONVERSION = YES;
				CLANG_WARN_OBJC_ROOT_CLASS = YES_ERROR;
				CLANG_WARN_QUOTED_INCLUDE_IN_FRAMEWORK_HEADER = YES;
				CLANG_WARN_RANGE_LOOP_ANALYSIS = YES;
				CLANG_WARN_STRICT_PROTOTYPES = YES;
				CLANG_WARN_SUSPICIOUS_MOVE = YES;
				CLANG_WARN_UNGUARDED_AVAILABILITY = YES_AGGRESSIVE;
				CLANG_WARN_UNREACHABLE_CODE = YES;
				CLANG_WARN__DUPLICATE_METHOD_MATCH = YES;
				COPY_PHASE_STRIP = NO;
				DEBUG_INFORMATION_FORMAT = "dwarf-with-dsym";
				ENABLE_NS_ASSERTIONS = NO;
				ENABLE_STRICT_OBJC_MSGSEND = YES;
				ENABLE_USER_SCRIPT_SANDBOXING = YES;
				GCC_C_LANGUAGE_STANDARD = gnu17;
				GCC_NO_COMMON_BLOCKS = YES;
				GCC_WARN_64_TO_32_BIT_CONVERSION = YES;
				GCC_WARN_ABOUT_RETURN_TYPE = YES_ERROR;
				GCC_WARN_UNDECLARED_SELECTOR = YES;
				GCC_WARN_UNINITIALIZED_AUTOS = YES_AGGRESSIVE;
				GCC_WARN_UNUSED_FUNCTION = YES;
				GCC_WARN_UNUSED_VARIABLE = YES;
				IPHONEOS_DEPLOYMENT_TARGET = 26.1;
				LOCALIZATION_PREFERS_STRING_CATALOGS = YES;
				MTL_ENABLE_DEBUG_INFO = NO;
				MTL_FAST_MATH = YES;
				SDKROOT = iphoneos;
				SWIFT_COMPILATION_MODE = wholemodule;
				VALIDATE_PRODUCT = YES;
			};
			name = Release;
		};
		370CA8F62ECEB44500252465 /* Debug */ = {
			isa = XCBuildConfiguration;
			buildSettings = {
				ASSETCATALOG_COMPILER_APPICON_NAME = AppIcon;
				ASSETCATALOG_COMPILER_GLOBAL_ACCENT_COLOR_NAME = AccentColor;
				CODE_SIGN_ENTITLEMENTS = Memory/Memory.entitlements;
				CODE_SIGN_STYLE = Automatic;
				CURRENT_PROJECT_VERSION = 1;
				DEVELOPMENT_TEAM = TR5SHDU98Y;
				ENABLE_PREVIEWS = YES;
				GENERATE_INFOPLIST_FILE = YES;
				INFOPLIST_KEY_NSCameraUsageDescription = "";
				INFOPLIST_KEY_NSMicrophoneUsageDescription = "";
				INFOPLIST_KEY_NSPhotoLibraryAddUsageDescription = "";
				INFOPLIST_KEY_NSPhotoLibraryUsageDescription = "";
				INFOPLIST_KEY_UIApplicationSceneManifest_Generation = YES;
				INFOPLIST_KEY_UIApplicationSupportsIndirectInputEvents = YES;
				INFOPLIST_KEY_UILaunchScreen_Generation = YES;
				INFOPLIST_KEY_UISupportedInterfaceOrientations_iPad = "UIInterfaceOrientationPortrait UIInterfaceOrientationPortraitUpsideDown UIInterfaceOrientationLandscapeLeft UIInterfaceOrientationLandscapeRight";
				INFOPLIST_KEY_UISupportedInterfaceOrientations_iPhone = "UIInterfaceOrientationPortrait UIInterfaceOrientationLandscapeLeft UIInterfaceOrientationLandscapeRight";
				IPHONEOS_DEPLOYMENT_TARGET = 17.6;
				LD_RUNPATH_SEARCH_PATHS = (
					"$(inherited)",
					"@executable_path/Frameworks",
				);
				MARKETING_VERSION = 1.0;
				PRODUCT_BUNDLE_IDENTIFIER = com.jessicay.Memory;
				PRODUCT_NAME = "$(TARGET_NAME)";
				STRING_CATALOG_GENERATE_SYMBOLS = YES;
				SWIFT_APPROACHABLE_CONCURRENCY = YES;
				SWIFT_DEFAULT_ACTOR_ISOLATION = MainActor;
				SWIFT_EMIT_LOC_STRINGS = YES;
				SWIFT_UPCOMING_FEATURE_MEMBER_IMPORT_VISIBILITY = YES;
				SWIFT_VERSION = 5.0;
				TARGETED_DEVICE_FAMILY = "1,2";
			};
			name = Debug;
		};
		370CA8F72ECEB44500252465 /* Release */ = {
			isa = XCBuildConfiguration;
			buildSettings = {
				ASSETCATALOG_COMPILER_APPICON_NAME = AppIcon;
				ASSETCATALOG_COMPILER_GLOBAL_ACCENT_COLOR_NAME = AccentColor;
				CODE_SIGN_ENTITLEMENTS = Memory/Memory.entitlements;
				CODE_SIGN_STYLE = Automatic;
				CURRENT_PROJECT_VERSION = 1;
				DEVELOPMENT_TEAM = TR5SHDU98Y;
				ENABLE_PREVIEWS = YES;
				GENERATE_INFOPLIST_FILE = YES;
				INFOPLIST_KEY_NSCameraUsageDescription = "";
				INFOPLIST_KEY_NSMicrophoneUsageDescription = "";
				INFOPLIST_KEY_NSPhotoLibraryAddUsageDescription = "";
				INFOPLIST_KEY_NSPhotoLibraryUsageDescription = "";
				INFOPLIST_KEY_UIApplicationSceneManifest_Generation = YES;
				INFOPLIST_KEY_UIApplicationSupportsIndirectInputEvents = YES;
				INFOPLIST_KEY_UILaunchScreen_Generation = YES;
				INFOPLIST_KEY_UISupportedInterfaceOrientations_iPad = "UIInterfaceOrientationPortrait UIInterfaceOrientationPortraitUpsideDown UIInterfaceOrientationLandscapeLeft UIInterfaceOrientationLandscapeRight";
				INFOPLIST_KEY_UISupportedInterfaceOrientations_iPhone = "UIInterfaceOrientationPortrait UIInterfaceOrientationLandscapeLeft UIInterfaceOrientationLandscapeRight";
				IPHONEOS_DEPLOYMENT_TARGET = 17.6;
				LD_RUNPATH_SEARCH_PATHS = (
					"$(inherited)",
					"@executable_path/Frameworks",
				);
				MARKETING_VERSION = 1.0;
				PRODUCT_BUNDLE_IDENTIFIER = com.jessicay.Memory;
				PRODUCT_NAME = "$(TARGET_NAME)";
				STRING_CATALOG_GENERATE_SYMBOLS = YES;
				SWIFT_APPROACHABLE_CONCURRENCY = YES;
				SWIFT_DEFAULT_ACTOR_ISOLATION = MainActor;
				SWIFT_EMIT_LOC_STRINGS = YES;
				SWIFT_UPCOMING_FEATURE_MEMBER_IMPORT_VISIBILITY = YES;
				SWIFT_VERSION = 5.0;
				TARGETED_DEVICE_FAMILY = "1,2";
			};
			name = Release;
		};
		370CA8F92ECEB44500252465 /* Debug */ = {
			isa = XCBuildConfiguration;
			buildSettings = {
				BUNDLE_LOADER = "$(TEST_HOST)";
				CODE_SIGN_STYLE = Automatic;
				CURRENT_PROJECT_VERSION = 1;
				GENERATE_INFOPLIST_FILE = YES;
				IPHONEOS_DEPLOYMENT_TARGET = 17.6;
				MARKETING_VERSION = 1.0;
				PRODUCT_BUNDLE_IDENTIFIER = com.jessicay.MemoryTests;
				PRODUCT_NAME = "$(TARGET_NAME)";
				STRING_CATALOG_GENERATE_SYMBOLS = NO;
				SWIFT_APPROACHABLE_CONCURRENCY = YES;
				SWIFT_EMIT_LOC_STRINGS = NO;
				SWIFT_UPCOMING_FEATURE_MEMBER_IMPORT_VISIBILITY = YES;
				SWIFT_VERSION = 5.0;
				TARGETED_DEVICE_FAMILY = "1,2";
				TEST_HOST = "$(BUILT_PRODUCTS_DIR)/Memory.app/$(BUNDLE_EXECUTABLE_FOLDER_PATH)/Memory";
			};
			name = Debug;
		};
		370CA8FA2ECEB44500252465 /* Release */ = {
			isa = XCBuildConfiguration;
			buildSettings = {
				BUNDLE_LOADER = "$(TEST_HOST)";
				CODE_SIGN_STYLE = Automatic;
				CURRENT_PROJECT_VERSION = 1;
				GENERATE_INFOPLIST_FILE = YES;
				IPHONEOS_DEPLOYMENT_TARGET = 17.6;
				MARKETING_VERSION = 1.0;
				PRODUCT_BUNDLE_IDENTIFIER = com.jessicay.MemoryTests;
				PRODUCT_NAME = "$(TARGET_NAME)";
				STRING_CATALOG_GENERATE_SYMBOLS = NO;
				SWIFT_APPROACHABLE_CONCURRENCY = YES;
				SWIFT_EMIT_LOC_STRINGS = NO;
				SWIFT_UPCOMING_FEATURE_MEMBER_IMPORT_VISIBILITY = YES;
				SWIFT_VERSION = 5.0;
				TARGETED_DEVICE_FAMILY = "1,2";
				TEST_HOST = "$(BUILT_PRODUCTS_DIR)/Memory.app/$(BUNDLE_EXECUTABLE_FOLDER_PATH)/Memory";
			};
			name = Release;
		};
		370CA8FC2ECEB44500252465 /* Debug */ = {
			isa = XCBuildConfiguration;
			buildSettings = {
				CODE_SIGN_STYLE = Automatic;
				CURRENT_PROJECT_VERSION = 1;
				GENERATE_INFOPLIST_FILE = YES;
				IPHONEOS_DEPLOYMENT_TARGET = 17.6;
				MARKETING_VERSION = 1.0;
				PRODUCT_BUNDLE_IDENTIFIER = com.jessicay.MemoryUITests;
				PRODUCT_NAME = "$(TARGET_NAME)";
				STRING_CATALOG_GENERATE_SYMBOLS = NO;
				SWIFT_APPROACHABLE_CONCURRENCY = YES;
				SWIFT_EMIT_LOC_STRINGS = NO;
				SWIFT_UPCOMING_FEATURE_MEMBER_IMPORT_VISIBILITY = YES;
				SWIFT_VERSION = 5.0;
				TARGETED_DEVICE_FAMILY = "1,2";
				TEST_TARGET_NAME = Memory;
			};
			name = Debug;
		};
		370CA8FD2ECEB44500252465 /* Release */ = {
			isa = XCBuildConfiguration;
			buildSettings = {
				CODE_SIGN_STYLE = Automatic;
				CURRENT_PROJECT_VERSION = 1;
				GENERATE_INFOPLIST_FILE = YES;
				IPHONEOS_DEPLOYMENT_TARGET = 17.6;
				MARKETING_VERSION = 1.0;
				PRODUCT_BUNDLE_IDENTIFIER = com.jessicay.MemoryUITests;
				PRODUCT_NAME = "$(TARGET_NAME)";
				STRING_CATALOG_GENERATE_SYMBOLS = NO;
				SWIFT_APPROACHABLE_CONCURRENCY = YES;
				SWIFT_EMIT_LOC_STRINGS = NO;
				SWIFT_UPCOMING_FEATURE_MEMBER_IMPORT_VISIBILITY = YES;
				SWIFT_VERSION = 5.0;
				TARGETED_DEVICE_FAMILY = "1,2";
				TEST_TARGET_NAME = Memory;
			};
			name = Release;
		};
/* End XCBuildConfiguration section */

/* Begin XCConfigurationList section */
		370CA8CD2ECEB44200252465 /* Build configuration list for PBXProject "Memory" */ = {
			isa = XCConfigurationList;
			buildConfigurations = (
				370CA8F32ECEB44500252465 /* Debug */,
				370CA8F42ECEB44500252465 /* Release */,
			);
			defaultConfigurationIsVisible = 0;
			defaultConfigurationName = Release;
		};
		370CA8F52ECEB44500252465 /* Build configuration list for PBXNativeTarget "Memory" */ = {
			isa = XCConfigurationList;
			buildConfigurations = (
				370CA8F62ECEB44500252465 /* Debug */,
				370CA8F72ECEB44500252465 /* Release */,
			);
			defaultConfigurationIsVisible = 0;
			defaultConfigurationName = Release;
		};
		370CA8F82ECEB44500252465 /* Build configuration list for PBXNativeTarget "MemoryTests" */ = {
			isa = XCConfigurationList;
			buildConfigurations = (
				370CA8F92ECEB44500252465 /* Debug */,
				370CA8FA2ECEB44500252465 /* Release */,
			);
			defaultConfigurationIsVisible = 0;
			defaultConfigurationName = Release;
		};
		370CA8FB2ECEB44500252465 /* Build configuration list for PBXNativeTarget "MemoryUITests" */ = {
			isa = XCConfigurationList;
			buildConfigurations = (
				370CA8FC2ECEB44500252465 /* Debug */,
				370CA8FD2ECEB44500252465 /* Release */,
			);
			defaultConfigurationIsVisible = 0;
			defaultConfigurationName = Release;
		};
/* End XCConfigurationList section */

/* Begin XCRemoteSwiftPackageReference section */
		370CA9742ECFA46100252465 /* XCRemoteSwiftPackageReference "supabase-swift" */ = {
			isa = XCRemoteSwiftPackageReference;
			repositoryURL = "https://github.com/supabase/supabase-swift.git";
			requirement = {
				kind = upToNextMajorVersion;
				minimumVersion = 2.5.1;
			};
		};
/* End XCRemoteSwiftPackageReference section */

/* Begin XCSwiftPackageProductDependency section */
		370CA9752ECFA46100252465 /* Auth */ = {
			isa = XCSwiftPackageProductDependency;
			package = 370CA9742ECFA46100252465 /* XCRemoteSwiftPackageReference "supabase-swift" */;
			productName = Auth;
		};
		370CA9772ECFA46100252465 /* Functions */ = {
			isa = XCSwiftPackageProductDependency;
			package = 370CA9742ECFA46100252465 /* XCRemoteSwiftPackageReference "supabase-swift" */;
			productName = Functions;
		};
		370CA9792ECFA46100252465 /* PostgREST */ = {
			isa = XCSwiftPackageProductDependency;
			package = 370CA9742ECFA46100252465 /* XCRemoteSwiftPackageReference "supabase-swift" */;
			productName = PostgREST;
		};
		370CA97B2ECFA46100252465 /* Realtime */ = {
			isa = XCSwiftPackageProductDependency;
			package = 370CA9742ECFA46100252465 /* XCRemoteSwiftPackageReference "supabase-swift" */;
			productName = Realtime;
		};
		370CA97D2ECFA46100252465 /* Storage */ = {
			isa = XCSwiftPackageProductDependency;
			package = 370CA9742ECFA46100252465 /* XCRemoteSwiftPackageReference "supabase-swift" */;
			productName = Storage;
		};
		370CA9802ECFA4EE00252465 /* Supabase */ = {
			isa = XCSwiftPackageProductDependency;
			package = 370CA9742ECFA46100252465 /* XCRemoteSwiftPackageReference "supabase-swift" */;
			productName = Supabase;
		};
		370CA9A62ED8F2F500252465 /* Auth */ = {
			isa = XCSwiftPackageProductDependency;
			package = 370CA9742ECFA46100252465 /* XCRemoteSwiftPackageReference "supabase-swift" */;
			productName = Auth;
		};
		370CA9A82ED8F2F500252465 /* Functions */ = {
			isa = XCSwiftPackageProductDependency;
			package = 370CA9742ECFA46100252465 /* XCRemoteSwiftPackageReference "supabase-swift" */;
			productName = Functions;
		};
		370CA9AA2ED8F2F500252465 /* PostgREST */ = {
			isa = XCSwiftPackageProductDependency;
			package = 370CA9742ECFA46100252465 /* XCRemoteSwiftPackageReference "supabase-swift" */;
			productName = PostgREST;
		};
		370CA9AC2ED8F2F500252465 /* Realtime */ = {
			isa = XCSwiftPackageProductDependency;
			package = 370CA9742ECFA46100252465 /* XCRemoteSwiftPackageReference "supabase-swift" */;
			productName = Realtime;
		};
		370CA9AE2ED8F2F500252465 /* Storage */ = {
			isa = XCSwiftPackageProductDependency;
			package = 370CA9742ECFA46100252465 /* XCRemoteSwiftPackageReference "supabase-swift" */;
			productName = Storage;
		};
		370CA9B02ED8F2F500252465 /* Supabase */ = {
			isa = XCSwiftPackageProductDependency;
			package = 370CA9742ECFA46100252465 /* XCRemoteSwiftPackageReference "supabase-swift" */;
			productName = Supabase;
		};
		370CA9B22ED8F2FA00252465 /* Auth */ = {
			isa = XCSwiftPackageProductDependency;
			package = 370CA9742ECFA46100252465 /* XCRemoteSwiftPackageReference "supabase-swift" */;
			productName = Auth;
		};
		370CA9B42ED8F2FA00252465 /* Functions */ = {
			isa = XCSwiftPackageProductDependency;
			package = 370CA9742ECFA46100252465 /* XCRemoteSwiftPackageReference "supabase-swift" */;
			productName = Functions;
		};
		370CA9B62ED8F2FA00252465 /* PostgREST */ = {
			isa = XCSwiftPackageProductDependency;
			package = 370CA9742ECFA46100252465 /* XCRemoteSwiftPackageReference "supabase-swift" */;
			productName = PostgREST;
		};
		370CA9B82ED8F2FA00252465 /* Realtime */ = {
			isa = XCSwiftPackageProductDependency;
			package = 370CA9742ECFA46100252465 /* XCRemoteSwiftPackageReference "supabase-swift" */;
			productName = Realtime;
		};
		370CA9BA2ED8F2FA00252465 /* Storage */ = {
			isa = XCSwiftPackageProductDependency;
			package = 370CA9742ECFA46100252465 /* XCRemoteSwiftPackageReference "supabase-swift" */;
			productName = Storage;
		};
		370CA9BC2ED8F2FA00252465 /* Supabase */ = {
			isa = XCSwiftPackageProductDependency;
			package = 370CA9742ECFA46100252465 /* XCRemoteSwiftPackageReference "supabase-swift" */;
			productName = Supabase;
		};
/* End XCSwiftPackageProductDependency section */
	};
	rootObject = 370CA8CA2ECEB44200252465 /* Project object */;
}
